// !$*UTF8*$!
{
	archiveVersion = 1;
	classes = {
	};
	objectVersion = 46;
	objects = {

/* Begin PBXBuildFile section */
		27BDF9671A99506E00E1DCC8 /* main.m in Sources */ = {isa = PBXBuildFile; fileRef = 27BDF9661A99506E00E1DCC8 /* main.m */; };
		27BDF96A1A99506E00E1DCC8 /* KABAppDelegate.m in Sources */ = {isa = PBXBuildFile; fileRef = 27BDF9691A99506E00E1DCC8 /* KABAppDelegate.m */; };
		27BDF96D1A99506E00E1DCC8 /* KABBadgesViewController.m in Sources */ = {isa = PBXBuildFile; fileRef = 27BDF96C1A99506E00E1DCC8 /* KABBadgesViewController.m */; };
		27BDF9721A99506E00E1DCC8 /* Images.xcassets in Resources */ = {isa = PBXBuildFile; fileRef = 27BDF9711A99506E00E1DCC8 /* Images.xcassets */; };
		27BDF9811A99506E00E1DCC8 /* KABadgesTests.m in Sources */ = {isa = PBXBuildFile; fileRef = 27BDF9801A99506E00E1DCC8 /* KABadgesTests.m */; };
		27BDF98C1A99634400E1DCC8 /* KABBadge.m in Sources */ = {isa = PBXBuildFile; fileRef = 27BDF98B1A99634400E1DCC8 /* KABBadge.m */; };
		27BDF98F1A99669800E1DCC8 /* KABBadgesView.m in Sources */ = {isa = PBXBuildFile; fileRef = 27BDF98E1A99669800E1DCC8 /* KABBadgesView.m */; };
		FA2F0C373D2D421BFFE2BE59 /* libPods.a in Frameworks */ = {isa = PBXBuildFile; fileRef = 7DA16647D160F7957FD1695D /* libPods.a */; };
/* End PBXBuildFile section */

/* Begin PBXContainerItemProxy section */
		27BDF97B1A99506E00E1DCC8 /* PBXContainerItemProxy */ = {
			isa = PBXContainerItemProxy;
			containerPortal = 27BDF9591A99506D00E1DCC8 /* Project object */;
			proxyType = 1;
			remoteGlobalIDString = 27BDF9601A99506D00E1DCC8;
			remoteInfo = KABadges;
		};
/* End PBXContainerItemProxy section */

/* Begin PBXFileReference section */
		27BDF9611A99506E00E1DCC8 /* KABadges.app */ = {isa = PBXFileReference; explicitFileType = wrapper.application; includeInIndex = 0; path = KABadges.app; sourceTree = BUILT_PRODUCTS_DIR; };
		27BDF9651A99506E00E1DCC8 /* Info.plist */ = {isa = PBXFileReference; lastKnownFileType = text.plist.xml; path = Info.plist; sourceTree = "<group>"; };
		27BDF9661A99506E00E1DCC8 /* main.m */ = {isa = PBXFileReference; lastKnownFileType = sourcecode.c.objc; path = main.m; sourceTree = "<group>"; };
		27BDF9681A99506E00E1DCC8 /* KABAppDelegate.h */ = {isa = PBXFileReference; lastKnownFileType = sourcecode.c.h; path = KABAppDelegate.h; sourceTree = "<group>"; };
		27BDF9691A99506E00E1DCC8 /* KABAppDelegate.m */ = {isa = PBXFileReference; lastKnownFileType = sourcecode.c.objc; path = KABAppDelegate.m; sourceTree = "<group>"; };
		27BDF96B1A99506E00E1DCC8 /* KABBadgesViewController.h */ = {isa = PBXFileReference; lastKnownFileType = sourcecode.c.h; path = KABBadgesViewController.h; sourceTree = "<group>"; };
		27BDF96C1A99506E00E1DCC8 /* KABBadgesViewController.m */ = {isa = PBXFileReference; lastKnownFileType = sourcecode.c.objc; path = KABBadgesViewController.m; sourceTree = "<group>"; };
		27BDF9711A99506E00E1DCC8 /* Images.xcassets */ = {isa = PBXFileReference; lastKnownFileType = folder.assetcatalog; path = Images.xcassets; sourceTree = "<group>"; };
		27BDF97A1A99506E00E1DCC8 /* KABadgesTests.xctest */ = {isa = PBXFileReference; explicitFileType = wrapper.cfbundle; includeInIndex = 0; path = KABadgesTests.xctest; sourceTree = BUILT_PRODUCTS_DIR; };
		27BDF97F1A99506E00E1DCC8 /* Info.plist */ = {isa = PBXFileReference; lastKnownFileType = text.plist.xml; path = Info.plist; sourceTree = "<group>"; };
		27BDF9801A99506E00E1DCC8 /* KABadgesTests.m */ = {isa = PBXFileReference; lastKnownFileType = sourcecode.c.objc; path = KABadgesTests.m; sourceTree = "<group>"; };
		27BDF98A1A99634400E1DCC8 /* KABBadge.h */ = {isa = PBXFileReference; fileEncoding = 4; lastKnownFileType = sourcecode.c.h; path = KABBadge.h; sourceTree = "<group>"; };
		27BDF98B1A99634400E1DCC8 /* KABBadge.m */ = {isa = PBXFileReference; fileEncoding = 4; lastKnownFileType = sourcecode.c.objc; path = KABBadge.m; sourceTree = "<group>"; };
		27BDF98D1A99669800E1DCC8 /* KABBadgesView.h */ = {isa = PBXFileReference; fileEncoding = 4; lastKnownFileType = sourcecode.c.h; path = KABBadgesView.h; sourceTree = "<group>"; };
		27BDF98E1A99669800E1DCC8 /* KABBadgesView.m */ = {isa = PBXFileReference; fileEncoding = 4; lastKnownFileType = sourcecode.c.objc; path = KABBadgesView.m; sourceTree = "<group>"; };
		60E58AA8D98CCF7AA4688FC9 /* Pods.debug.xcconfig */ = {isa = PBXFileReference; includeInIndex = 1; lastKnownFileType = text.xcconfig; name = Pods.debug.xcconfig; path = "Pods/Target Support Files/Pods/Pods.debug.xcconfig"; sourceTree = "<group>"; };
		7DA16647D160F7957FD1695D /* libPods.a */ = {isa = PBXFileReference; explicitFileType = archive.ar; includeInIndex = 0; path = libPods.a; sourceTree = BUILT_PRODUCTS_DIR; };
		C494440FD4D964850BEFEADC /* Pods.release.xcconfig */ = {isa = PBXFileReference; includeInIndex = 1; lastKnownFileType = text.xcconfig; name = Pods.release.xcconfig; path = "Pods/Target Support Files/Pods/Pods.release.xcconfig"; sourceTree = "<group>"; };
/* End PBXFileReference section */

/* Begin PBXFrameworksBuildPhase section */
		27BDF95E1A99506D00E1DCC8 /* Frameworks */ = {
			isa = PBXFrameworksBuildPhase;
			buildActionMask = 2147483647;
			files = (
				FA2F0C373D2D421BFFE2BE59 /* libPods.a in Frameworks */,
			);
			runOnlyForDeploymentPostprocessing = 0;
		};
		27BDF9771A99506E00E1DCC8 /* Frameworks */ = {
			isa = PBXFrameworksBuildPhase;
			buildActionMask = 2147483647;
			files = (
			);
			runOnlyForDeploymentPostprocessing = 0;
		};
/* End PBXFrameworksBuildPhase section */

/* Begin PBXGroup section */
		22D8632B2F9C1491120B571B /* Frameworks */ = {
			isa = PBXGroup;
			children = (
				7DA16647D160F7957FD1695D /* libPods.a */,
			);
			name = Frameworks;
			sourceTree = "<group>";
		};
		27BDF9581A99506D00E1DCC8 = {
			isa = PBXGroup;
			children = (
				27BDF9631A99506E00E1DCC8 /* KABadges */,
				27BDF97D1A99506E00E1DCC8 /* KABadgesTests */,
				27BDF9621A99506E00E1DCC8 /* Products */,
				9846B28AFADFA6CDC9443493 /* Pods */,
				22D8632B2F9C1491120B571B /* Frameworks */,
			);
			sourceTree = "<group>";
		};
		27BDF9621A99506E00E1DCC8 /* Products */ = {
			isa = PBXGroup;
			children = (
				27BDF9611A99506E00E1DCC8 /* KABadges.app */,
				27BDF97A1A99506E00E1DCC8 /* KABadgesTests.xctest */,
			);
			name = Products;
			sourceTree = "<group>";
		};
		27BDF9631A99506E00E1DCC8 /* KABadges */ = {
			isa = PBXGroup;
			children = (
				27BDF9681A99506E00E1DCC8 /* KABAppDelegate.h */,
				27BDF9691A99506E00E1DCC8 /* KABAppDelegate.m */,
				27BDF96B1A99506E00E1DCC8 /* KABBadgesViewController.h */,
				27BDF96C1A99506E00E1DCC8 /* KABBadgesViewController.m */,
				27BDF98D1A99669800E1DCC8 /* KABBadgesView.h */,
				27BDF98E1A99669800E1DCC8 /* KABBadgesView.m */,
				27BDF98A1A99634400E1DCC8 /* KABBadge.h */,
				27BDF98B1A99634400E1DCC8 /* KABBadge.m */,
				27BDF9711A99506E00E1DCC8 /* Images.xcassets */,
				27BDF9641A99506E00E1DCC8 /* Supporting Files */,
			);
			path = KABadges;
			sourceTree = "<group>";
		};
		27BDF9641A99506E00E1DCC8 /* Supporting Files */ = {
			isa = PBXGroup;
			children = (
				27BDF9651A99506E00E1DCC8 /* Info.plist */,
				27BDF9661A99506E00E1DCC8 /* main.m */,
			);
			name = "Supporting Files";
			sourceTree = "<group>";
		};
		27BDF97D1A99506E00E1DCC8 /* KABadgesTests */ = {
			isa = PBXGroup;
			children = (
				27BDF9801A99506E00E1DCC8 /* KABadgesTests.m */,
				27BDF97E1A99506E00E1DCC8 /* Supporting Files */,
			);
			path = KABadgesTests;
			sourceTree = "<group>";
		};
		27BDF97E1A99506E00E1DCC8 /* Supporting Files */ = {
			isa = PBXGroup;
			children = (
				27BDF97F1A99506E00E1DCC8 /* Info.plist */,
			);
			name = "Supporting Files";
			sourceTree = "<group>";
		};
		9846B28AFADFA6CDC9443493 /* Pods */ = {
			isa = PBXGroup;
			children = (
				60E58AA8D98CCF7AA4688FC9 /* Pods.debug.xcconfig */,
				C494440FD4D964850BEFEADC /* Pods.release.xcconfig */,
			);
			name = Pods;
			sourceTree = "<group>";
		};
/* End PBXGroup section */

/* Begin PBXNativeTarget section */
		27BDF9601A99506D00E1DCC8 /* KABadges */ = {
			isa = PBXNativeTarget;
			buildConfigurationList = 27BDF9841A99506E00E1DCC8 /* Build configuration list for PBXNativeTarget "KABadges" */;
			buildPhases = (
				CE593C9107FC5A79DCEBA4DC /* Check Pods Manifest.lock */,
				27BDF95D1A99506D00E1DCC8 /* Sources */,
				27BDF95E1A99506D00E1DCC8 /* Frameworks */,
				27BDF95F1A99506D00E1DCC8 /* Resources */,
				FE79E25726A8735701016AC8 /* Copy Pods Resources */,
			);
			buildRules = (
			);
			dependencies = (
			);
			name = KABadges;
			productName = KABadges;
			productReference = 27BDF9611A99506E00E1DCC8 /* KABadges.app */;
			productType = "com.apple.product-type.application";
		};
		27BDF9791A99506E00E1DCC8 /* KABadgesTests */ = {
			isa = PBXNativeTarget;
			buildConfigurationList = 27BDF9871A99506E00E1DCC8 /* Build configuration list for PBXNativeTarget "KABadgesTests" */;
			buildPhases = (
				27BDF9761A99506E00E1DCC8 /* Sources */,
				27BDF9771A99506E00E1DCC8 /* Frameworks */,
				27BDF9781A99506E00E1DCC8 /* Resources */,
			);
			buildRules = (
			);
			dependencies = (
				27BDF97C1A99506E00E1DCC8 /* PBXTargetDependency */,
			);
			name = KABadgesTests;
			productName = KABadgesTests;
			productReference = 27BDF97A1A99506E00E1DCC8 /* KABadgesTests.xctest */;
			productType = "com.apple.product-type.bundle.unit-test";
		};
/* End PBXNativeTarget section */

/* Begin PBXProject section */
		27BDF9591A99506D00E1DCC8 /* Project object */ = {
			isa = PBXProject;
			attributes = {
				LastUpgradeCheck = 0610;
				ORGANIZATIONNAME = "Andrew Millman";
				TargetAttributes = {
					27BDF9601A99506D00E1DCC8 = {
						CreatedOnToolsVersion = 6.1.1;
					};
					27BDF9791A99506E00E1DCC8 = {
						CreatedOnToolsVersion = 6.1.1;
						TestTargetID = 27BDF9601A99506D00E1DCC8;
					};
				};
			};
			buildConfigurationList = 27BDF95C1A99506D00E1DCC8 /* Build configuration list for PBXProject "KABadges" */;
			compatibilityVersion = "Xcode 3.2";
			developmentRegion = English;
			hasScannedForEncodings = 0;
			knownRegions = (
				en,
				Base,
			);
			mainGroup = 27BDF9581A99506D00E1DCC8;
			productRefGroup = 27BDF9621A99506E00E1DCC8 /* Products */;
			projectDirPath = "";
			projectRoot = "";
			targets = (
				27BDF9601A99506D00E1DCC8 /* KABadges */,
				27BDF9791A99506E00E1DCC8 /* KABadgesTests */,
			);
		};
/* End PBXProject section */

/* Begin PBXResourcesBuildPhase section */
		27BDF95F1A99506D00E1DCC8 /* Resources */ = {
			isa = PBXResourcesBuildPhase;
			buildActionMask = 2147483647;
			files = (
				27BDF9721A99506E00E1DCC8 /* Images.xcassets in Resources */,
			);
			runOnlyForDeploymentPostprocessing = 0;
		};
		27BDF9781A99506E00E1DCC8 /* Resources */ = {
			isa = PBXResourcesBuildPhase;
			buildActionMask = 2147483647;
			files = (
			);
			runOnlyForDeploymentPostprocessing = 0;
		};
/* End PBXResourcesBuildPhase section */

/* Begin PBXShellScriptBuildPhase section */
		CE593C9107FC5A79DCEBA4DC /* Check Pods Manifest.lock */ = {
			isa = PBXShellScriptBuildPhase;
			buildActionMask = 2147483647;
			files = (
			);
			inputPaths = (
			);
			name = "Check Pods Manifest.lock";
			outputPaths = (
			);
			runOnlyForDeploymentPostprocessing = 0;
			shellPath = /bin/sh;
			shellScript = "diff \"${PODS_ROOT}/../Podfile.lock\" \"${PODS_ROOT}/Manifest.lock\" > /dev/null\nif [[ $? != 0 ]] ; then\n    cat << EOM\nerror: The sandbox is not in sync with the Podfile.lock. Run 'pod install' or update your CocoaPods installation.\nEOM\n    exit 1\nfi\n";
			showEnvVarsInLog = 0;
		};
		FE79E25726A8735701016AC8 /* Copy Pods Resources */ = {
			isa = PBXShellScriptBuildPhase;
			buildActionMask = 2147483647;
			files = (
			);
			inputPaths = (
			);
			name = "Copy Pods Resources";
			outputPaths = (
			);
			runOnlyForDeploymentPostprocessing = 0;
			shellPath = /bin/sh;
			shellScript = "\"${SRCROOT}/Pods/Target Support Files/Pods/Pods-resources.sh\"\n";
			showEnvVarsInLog = 0;
		};
/* End PBXShellScriptBuildPhase section */

/* Begin PBXSourcesBuildPhase section */
		27BDF95D1A99506D00E1DCC8 /* Sources */ = {
			isa = PBXSourcesBuildPhase;
			buildActionMask = 2147483647;
			files = (
				27BDF98F1A99669800E1DCC8 /* KABBadgesView.m in Sources */,
				27BDF96D1A99506E00E1DCC8 /* KABBadgesViewController.m in Sources */,
				27BDF96A1A99506E00E1DCC8 /* KABAppDelegate.m in Sources */,
				27BDF98C1A99634400E1DCC8 /* KABBadge.m in Sources */,
				27BDF9671A99506E00E1DCC8 /* main.m in Sources */,
			);
			runOnlyForDeploymentPostprocessing = 0;
		};
		27BDF9761A99506E00E1DCC8 /* Sources */ = {
			isa = PBXSourcesBuildPhase;
			buildActionMask = 2147483647;
			files = (
				27BDF9811A99506E00E1DCC8 /* KABadgesTests.m in Sources */,
			);
			runOnlyForDeploymentPostprocessing = 0;
		};
/* End PBXSourcesBuildPhase section */

/* Begin PBXTargetDependency section */
		27BDF97C1A99506E00E1DCC8 /* PBXTargetDependency */ = {
			isa = PBXTargetDependency;
			target = 27BDF9601A99506D00E1DCC8 /* KABadges */;
			targetProxy = 27BDF97B1A99506E00E1DCC8 /* PBXContainerItemProxy */;
		};
/* End PBXTargetDependency section */

/* Begin XCBuildConfiguration section */
		27BDF9821A99506E00E1DCC8 /* Debug */ = {
			isa = XCBuildConfiguration;
			buildSettings = {
				ALWAYS_SEARCH_USER_PATHS = NO;
				CLANG_CXX_LANGUAGE_STANDARD = "gnu++0x";
				CLANG_CXX_LIBRARY = "libc++";
				CLANG_ENABLE_MODULES = YES;
				CLANG_ENABLE_OBJC_ARC = YES;
				CLANG_WARN_BOOL_CONVERSION = YES;
				CLANG_WARN_CONSTANT_CONVERSION = YES;
				CLANG_WARN_DIRECT_OBJC_ISA_USAGE = YES_ERROR;
				CLANG_WARN_EMPTY_BODY = YES;
				CLANG_WARN_ENUM_CONVERSION = YES;
				CLANG_WARN_INT_CONVERSION = YES;
				CLANG_WARN_OBJC_ROOT_CLASS = YES_ERROR;
				CLANG_WARN_UNREACHABLE_CODE = YES;
				CLANG_WARN__DUPLICATE_METHOD_MATCH = YES;
				"CODE_SIGN_IDENTITY[sdk=iphoneos*]" = "iPhone Developer";
				COPY_PHASE_STRIP = NO;
				ENABLE_STRICT_OBJC_MSGSEND = YES;
				GCC_C_LANGUAGE_STANDARD = gnu99;
				GCC_DYNAMIC_NO_PIC = NO;
				GCC_OPTIMIZATION_LEVEL = 0;
				GCC_PREPROCESSOR_DEFINITIONS = (
					"DEBUG=1",
					"$(inherited)",
				);
				GCC_SYMBOLS_PRIVATE_EXTERN = NO;
				GCC_WARN_64_TO_32_BIT_CONVERSION = YES;
				GCC_WARN_ABOUT_RETURN_TYPE = YES_ERROR;
				GCC_WARN_UNDECLARED_SELECTOR = YES;
				GCC_WARN_UNINITIALIZED_AUTOS = YES_AGGRESSIVE;
				GCC_WARN_UNUSED_FUNCTION = YES;
				GCC_WARN_UNUSED_VARIABLE = YES;
				IPHONEOS_DEPLOYMENT_TARGET = 8.1;
				MTL_ENABLE_DEBUG_INFO = YES;
				ONLY_ACTIVE_ARCH = YES;
				SDKROOT = iphoneos;
			};
			name = Debug;
		};
		27BDF9831A99506E00E1DCC8 /* Release */ = {
			isa = XCBuildConfiguration;
			buildSettings = {
				ALWAYS_SEARCH_USER_PATHS = NO;
				CLANG_CXX_LANGUAGE_STANDARD = "gnu++0x";
				CLANG_CXX_LIBRARY = "libc++";
				CLANG_ENABLE_MODULES = YES;
				CLANG_ENABLE_OBJC_ARC = YES;
				CLANG_WARN_BOOL_CONVERSION = YES;
				CLANG_WARN_CONSTANT_CONVERSION = YES;
				CLANG_WARN_DIRECT_OBJC_ISA_USAGE = YES_ERROR;
				CLANG_WARN_EMPTY_BODY = YES;
				CLANG_WARN_ENUM_CONVERSION = YES;
				CLANG_WARN_INT_CONVERSION = YES;
				CLANG_WARN_OBJC_ROOT_CLASS = YES_ERROR;
				CLANG_WARN_UNREACHABLE_CODE = YES;
				CLANG_WARN__DUPLICATE_METHOD_MATCH = YES;
				"CODE_SIGN_IDENTITY[sdk=iphoneos*]" = "iPhone Developer";
				COPY_PHASE_STRIP = YES;
				ENABLE_NS_ASSERTIONS = NO;
				ENABLE_STRICT_OBJC_MSGSEND = YES;
				GCC_C_LANGUAGE_STANDARD = gnu99;
				GCC_WARN_64_TO_32_BIT_CONVERSION = YES;
				GCC_WARN_ABOUT_RETURN_TYPE = YES_ERROR;
				GCC_WARN_UNDECLARED_SELECTOR = YES;
				GCC_WARN_UNINITIALIZED_AUTOS = YES_AGGRESSIVE;
				GCC_WARN_UNUSED_FUNCTION = YES;
				GCC_WARN_UNUSED_VARIABLE = YES;
				IPHONEOS_DEPLOYMENT_TARGET = 8.1;
				MTL_ENABLE_DEBUG_INFO = NO;
				SDKROOT = iphoneos;
				VALIDATE_PRODUCT = YES;
			};
			name = Release;
		};
		27BDF9851A99506E00E1DCC8 /* Debug */ = {
			isa = XCBuildConfiguration;
			baseConfigurationReference = 60E58AA8D98CCF7AA4688FC9 /* Pods.debug.xcconfig */;
			buildSettings = {
				ASSETCATALOG_COMPILER_APPICON_NAME = AppIcon;
				INFOPLIST_FILE = KABadges/Info.plist;
				LD_RUNPATH_SEARCH_PATHS = "$(inherited) @executable_path/Frameworks";
				PRODUCT_NAME = "$(TARGET_NAME)";
			};
			name = Debug;
		};
		27BDF9861A99506E00E1DCC8 /* Release */ = {
			isa = XCBuildConfiguration;
			baseConfigurationReference = C494440FD4D964850BEFEADC /* Pods.release.xcconfig */;
			buildSettings = {
				ASSETCATALOG_COMPILER_APPICON_NAME = AppIcon;
				INFOPLIST_FILE = KABadges/Info.plist;
				LD_RUNPATH_SEARCH_PATHS = "$(inherited) @executable_path/Frameworks";
				PRODUCT_NAME = "$(TARGET_NAME)";
			};
			name = Release;
		};
		27BDF9881A99506E00E1DCC8 /* Debug */ = {
			isa = XCBuildConfiguration;
			buildSettings = {
				BUNDLE_LOADER = "$(TEST_HOST)";
				FRAMEWORK_SEARCH_PATHS = (
					"$(SDKROOT)/Developer/Library/Frameworks",
					"$(inherited)",
				);
				GCC_PREPROCESSOR_DEFINITIONS = (
					"DEBUG=1",
					"$(inherited)",
				);
				INFOPLIST_FILE = KABadgesTests/Info.plist;
				LD_RUNPATH_SEARCH_PATHS = "$(inherited) @executable_path/Frameworks @loader_path/Frameworks";
				PRODUCT_NAME = "$(TARGET_NAME)";
				TEST_HOST = "$(BUILT_PRODUCTS_DIR)/KABadges.app/KABadges";
			};
			name = Debug;
		};
		27BDF9891A99506E00E1DCC8 /* Release */ = {
			isa = XCBuildConfiguration;
			buildSettings = {
				BUNDLE_LOADER = "$(TEST_HOST)";
				FRAMEWORK_SEARCH_PATHS = (
					"$(SDKROOT)/Developer/Library/Frameworks",
					"$(inherited)",
				);
				INFOPLIST_FILE = KABadgesTests/Info.plist;
				LD_RUNPATH_SEARCH_PATHS = "$(inherited) @executable_path/Frameworks @loader_path/Frameworks";
				PRODUCT_NAME = "$(TARGET_NAME)";
				TEST_HOST = "$(BUILT_PRODUCTS_DIR)/KABadges.app/KABadges";
			};
			name = Release;
		};
/* End XCBuildConfiguration section */

/* Begin XCConfigurationList section */
		27BDF95C1A99506D00E1DCC8 /* Build configuration list for PBXProject "KABadges" */ = {
			isa = XCConfigurationList;
			buildConfigurations = (
				27BDF9821A99506E00E1DCC8 /* Debug */,
				27BDF9831A99506E00E1DCC8 /* Release */,
			);
			defaultConfigurationIsVisible = 0;
			defaultConfigurationName = Release;
		};
		27BDF9841A99506E00E1DCC8 /* Build configuration list for PBXNativeTarget "KABadges" */ = {
			isa = XCConfigurationList;
			buildConfigurations = (
				27BDF9851A99506E00E1DCC8 /* Debug */,
				27BDF9861A99506E00E1DCC8 /* Release */,
			);
			defaultConfigurationIsVisible = 0;
			defaultConfigurationName = Release;
		};
		27BDF9871A99506E00E1DCC8 /* Build configuration list for PBXNativeTarget "KABadgesTests" */ = {
			isa = XCConfigurationList;
			buildConfigurations = (
				27BDF9881A99506E00E1DCC8 /* Debug */,
				27BDF9891A99506E00E1DCC8 /* Release */,
			);
			defaultConfigurationIsVisible = 0;
			defaultConfigurationName = Release;
		};
/* End XCConfigurationList section */
	};
	rootObject = 27BDF9591A99506D00E1DCC8 /* Project object */;
}
